<?xml version="1.0" encoding="UTF-8" standalone="yes" ?>
<CodeBlocks_project_file>
	<FileVersion major="1" minor="6" />
	<Project>
		<Option title="Rfm70Msp430" />
		<Option pch_mode="2" />
		<Option compiler="msp430gcc" />
		<Build>
			<Target title="Release">
				<Option output="bin\Release\main.elf" prefix_auto="1" extension_auto="0" />
				<Option object_output="obj\Release\" />
				<Option type="1" />
				<Option compiler="msp430gcc" />
				<Option use_console_runner="0" />
				<Compiler>
					<Add option="-Os" />
					<Add option="-pedantic" />
					<Add option="-Wall" />
				</Compiler>
			</Target>
			<Target title="Debug">
				<Option output="bin\Debug\main.elf" prefix_auto="1" extension_auto="0" />
				<Option object_output="obj\Debug\" />
				<Option type="1" />
				<Option compiler="msp430gcc" />
				<Option use_console_runner="0" />
				<Compiler>
					<Add option="-O" />
					<Add option="-Wall" />
					<Add option="-g" />
				</Compiler>
			</Target>
		</Build>
		<Compiler>
			<Add option="-Wall" />
			<Add option="-g" />
			<Add option="-ffunction-sections" />
			<Add option="-fshort-enums" />
			<Add option="-fno-rtti" />
			<Add option="-fno-enforce-eh-specs" />
			<Add option="-fno-exceptions" />
			<Add option="-MD" />
			<Add option="-MF $(TARGET_OUTPUT_FILE).dep" />
			<Add option="-mmcu=msp430x2231" />
			<Add option="-DF_CPU=16000000UL" />
			<Add directory="..\..\mcucpp" />
			<Add directory="..\..\mcucpp\MSP430" />
		</Compiler>
		<Linker>
			<Add option="-mmcu=msp430x2231" />
		</Linker>
		<ExtraCommands>
			<Add after="msp430-size $(TARGET_OUTPUT_FILE)" />
			<Add after="msp430-objcopy -O ihex -R .eeprom -R .eesafe $(TARGET_OUTPUT_FILE) $(TARGET_OUTPUT_FILE).hex" />
			<Add after='cmd /C &quot;msp430-objdump -h -S $(TARGET_OUTPUT_FILE) &gt; $(TARGET_OUTPUT_FILE).lss&quot;' />
		</ExtraCommands>
		<Unit filename="main.cpp" />
		<Extensions>
			<code_completion />
			<envvars set="default" />
			<debugger>
				<remote_debugging>
					<options conn_type="0" serial_baud="115200" ip_address="localhost" ip_port="1234" />
				</remote_debugging>
			</debugger>
			<lib_finder disable_auto="1" />
		</Extensions>
	</Project>
</CodeBlocks_project_file>
