<?xml version="1.0" encoding="UTF-8" standalone="yes" ?>
<CodeBlocks_project_file>
	<FileVersion major="1" minor="6" />
	<Project>
		<Option title="Tests" />
		<Option pch_mode="2" />
		<Option compiler="gcc" />
		<Build>
			<Target title="Release">
				<Option output="bin\Release\Tests" prefix_auto="1" extension_auto="1" />
				<Option object_output="obj\Release\" />
				<Option type="1" />
				<Option compiler="gcc" />
				<Compiler>
					<Add option="-Wall" />
				</Compiler>
			</Target>
		</Build>
		<Compiler>
			<Add option="-Wall" />
			<Add option="-g" />
			<Add option="-fexceptions" />
			<Add option="-ffunction-sections" />
			<Add option="-fdata-sections" />
			<Add option="-Wl,--gc-sections" />
			<Add directory="..\..\mcucpp" />
			<Add directory="..\..\mcucpp\Test" />
			<Add directory="..\..\gtest" />
			<Add directory="..\..\" />
		</Compiler>
		<Unit filename="..\..\gtest\gtest-all.cc" />
		<Unit filename="..\..\gtest\gtest.h" />
		<Unit filename="..\..\gtest\gtest_main.cc" />
		<Unit filename="7Segments.cpp" />
		<Unit filename="BinaryStream.cpp" />
		<Unit filename="DelegateTest.cpp" />
		<Unit filename="DispatcherTest.cpp" />
		<Unit filename="DivTest.cpp" />
		<Unit filename="FormatWriter.cpp" />
		<Unit filename="PinList.cpp" />
		<Unit filename="containers.cpp" />
		<Unit filename="crc.cpp" />
		<Unit filename="encoding.cpp" />
		<Unit filename="fixedpoint.cpp" />
		<Unit filename="istream_test.cpp" />
		<Unit filename="timers.cpp" />
		<Extensions>
			<code_completion />
			<envvars />
			<debugger />
			<lib_finder disable_auto="1" />
		</Extensions>
	</Project>
</CodeBlocks_project_file>
